// !$*UTF8*$!
{
	archiveVersion = 1;
	classes = {
	};
	objectVersion = 56;
	objects = {

/* Begin PBXBuildFile section */
		874BBDF42B925FC600934313 /* MeController.swift in Sources */ = {isa = PBXBuildFile; fileRef = 874BBDF32B925FC600934313 /* MeController.swift */; };
		874BBDF82B92662500934313 /* SessionController.swift in Sources */ = {isa = PBXBuildFile; fileRef = 874BBDF72B92662500934313 /* SessionController.swift */; };
		874BBDFA2B92666500934313 /* ProgressController.swift in Sources */ = {isa = PBXBuildFile; fileRef = 874BBDF92B92666500934313 /* ProgressController.swift */; };
		875855982B9CDFE000E46007 /* PerkCell.swift in Sources */ = {isa = PBXBuildFile; fileRef = 875855972B9CDFE000E46007 /* PerkCell.swift */; };
		8758B61A2B95009A001A2B75 /* SessionInfo.swift in Sources */ = {isa = PBXBuildFile; fileRef = 8758B6192B95009A001A2B75 /* SessionInfo.swift */; };
		8758B61C2B951265001A2B75 /* MeController.xib in Resources */ = {isa = PBXBuildFile; fileRef = 8758B61B2B951265001A2B75 /* MeController.xib */; };
		875946002B9DBFE600D6C621 /* Perk.swift in Sources */ = {isa = PBXBuildFile; fileRef = 875945FF2B9DBFE600D6C621 /* Perk.swift */; };
		875946022B9E12F500D6C621 /* Extensions.swift in Sources */ = {isa = PBXBuildFile; fileRef = 875946012B9E12F500D6C621 /* Extensions.swift */; };
		8795DFEB2B93C7E100B0F593 /* SessionTimer.swift in Sources */ = {isa = PBXBuildFile; fileRef = 8795DFEA2B93C7E100B0F593 /* SessionTimer.swift */; };
		879D0C542B9392B9008D8A5D /* AgendaController.swift in Sources */ = {isa = PBXBuildFile; fileRef = 879D0C532B9392B9008D8A5D /* AgendaController.swift */; };
		879D0C562B939318008D8A5D /* SessionController.xib in Resources */ = {isa = PBXBuildFile; fileRef = 879D0C552B939318008D8A5D /* SessionController.xib */; };
		87B0AAD92B920BBA001A6794 /* AppDelegate.swift in Sources */ = {isa = PBXBuildFile; fileRef = 87B0AAD82B920BBA001A6794 /* AppDelegate.swift */; };
		87B0AADB2B920BBA001A6794 /* SceneDelegate.swift in Sources */ = {isa = PBXBuildFile; fileRef = 87B0AADA2B920BBA001A6794 /* SceneDelegate.swift */; };
		87B0AADD2B920BBA001A6794 /* BaseController.swift in Sources */ = {isa = PBXBuildFile; fileRef = 87B0AADC2B920BBA001A6794 /* BaseController.swift */; };
		87B0AAE22B920BBB001A6794 /* Assets.xcassets in Resources */ = {isa = PBXBuildFile; fileRef = 87B0AAE12B920BBB001A6794 /* Assets.xcassets */; };
		87B0AAE52B920BBB001A6794 /* LaunchScreen.storyboard in Resources */ = {isa = PBXBuildFile; fileRef = 87B0AAE32B920BBB001A6794 /* LaunchScreen.storyboard */; };
		87B0AAF02B920E8C001A6794 /* TabBarController.swift in Sources */ = {isa = PBXBuildFile; fileRef = 87B0AAEF2B920E8C001A6794 /* TabBarController.swift */; };
		87B0AAF32B921076001A6794 /* Resources.swift in Sources */ = {isa = PBXBuildFile; fileRef = 87B0AAF22B921076001A6794 /* Resources.swift */; };
		87B0AAF52B922BC0001A6794 /* NavigationBarController.swift in Sources */ = {isa = PBXBuildFile; fileRef = 87B0AAF42B922BC0001A6794 /* NavigationBarController.swift */; };
/* End PBXBuildFile section */

/* Begin PBXFileReference section */
		874BBDF32B925FC600934313 /* MeController.swift */ = {isa = PBXFileReference; lastKnownFileType = sourcecode.swift; path = MeController.swift; sourceTree = "<group>"; };
		874BBDF72B92662500934313 /* SessionController.swift */ = {isa = PBXFileReference; lastKnownFileType = sourcecode.swift; path = SessionController.swift; sourceTree = "<group>"; };
		874BBDF92B92666500934313 /* ProgressController.swift */ = {isa = PBXFileReference; lastKnownFileType = sourcecode.swift; path = ProgressController.swift; sourceTree = "<group>"; };
		875855972B9CDFE000E46007 /* PerkCell.swift */ = {isa = PBXFileReference; lastKnownFileType = sourcecode.swift; path = PerkCell.swift; sourceTree = "<group>"; };
		8758B6192B95009A001A2B75 /* SessionInfo.swift */ = {isa = PBXFileReference; lastKnownFileType = sourcecode.swift; path = SessionInfo.swift; sourceTree = "<group>"; };
		8758B61B2B951265001A2B75 /* MeController.xib */ = {isa = PBXFileReference; lastKnownFileType = file.xib; path = MeController.xib; sourceTree = "<group>"; };
		875945FF2B9DBFE600D6C621 /* Perk.swift */ = {isa = PBXFileReference; lastKnownFileType = sourcecode.swift; path = Perk.swift; sourceTree = "<group>"; };
		875946012B9E12F500D6C621 /* Extensions.swift */ = {isa = PBXFileReference; lastKnownFileType = sourcecode.swift; path = Extensions.swift; sourceTree = "<group>"; };
		8795DFEA2B93C7E100B0F593 /* SessionTimer.swift */ = {isa = PBXFileReference; lastKnownFileType = sourcecode.swift; path = SessionTimer.swift; sourceTree = "<group>"; };
		879D0C532B9392B9008D8A5D /* AgendaController.swift */ = {isa = PBXFileReference; lastKnownFileType = sourcecode.swift; path = AgendaController.swift; sourceTree = "<group>"; };
		879D0C552B939318008D8A5D /* SessionController.xib */ = {isa = PBXFileReference; lastKnownFileType = file.xib; path = SessionController.xib; sourceTree = "<group>"; };
		87B0AAD52B920BBA001A6794 /* UpApp.app */ = {isa = PBXFileReference; explicitFileType = wrapper.application; includeInIndex = 0; path = UpApp.app; sourceTree = BUILT_PRODUCTS_DIR; };
		87B0AAD82B920BBA001A6794 /* AppDelegate.swift */ = {isa = PBXFileReference; lastKnownFileType = sourcecode.swift; path = AppDelegate.swift; sourceTree = "<group>"; };
		87B0AADA2B920BBA001A6794 /* SceneDelegate.swift */ = {isa = PBXFileReference; lastKnownFileType = sourcecode.swift; path = SceneDelegate.swift; sourceTree = "<group>"; };
		87B0AADC2B920BBA001A6794 /* BaseController.swift */ = {isa = PBXFileReference; lastKnownFileType = sourcecode.swift; path = BaseController.swift; sourceTree = "<group>"; };
		87B0AAE12B920BBB001A6794 /* Assets.xcassets */ = {isa = PBXFileReference; lastKnownFileType = folder.assetcatalog; path = Assets.xcassets; sourceTree = "<group>"; };
		87B0AAE42B920BBB001A6794 /* Base */ = {isa = PBXFileReference; lastKnownFileType = file.storyboard; name = Base; path = Base.lproj/LaunchScreen.storyboard; sourceTree = "<group>"; };
		87B0AAE62B920BBB001A6794 /* Info.plist */ = {isa = PBXFileReference; lastKnownFileType = text.plist.xml; path = Info.plist; sourceTree = "<group>"; };
		87B0AAEF2B920E8C001A6794 /* TabBarController.swift */ = {isa = PBXFileReference; lastKnownFileType = sourcecode.swift; path = TabBarController.swift; sourceTree = "<group>"; };
		87B0AAF22B921076001A6794 /* Resources.swift */ = {isa = PBXFileReference; lastKnownFileType = sourcecode.swift; path = Resources.swift; sourceTree = "<group>"; };
		87B0AAF42B922BC0001A6794 /* NavigationBarController.swift */ = {isa = PBXFileReference; lastKnownFileType = sourcecode.swift; path = NavigationBarController.swift; sourceTree = "<group>"; };
/* End PBXFileReference section */

/* Begin PBXFrameworksBuildPhase section */
		87B0AAD22B920BBA001A6794 /* Frameworks */ = {
			isa = PBXFrameworksBuildPhase;
			buildActionMask = 2147483647;
			files = (
			);
			runOnlyForDeploymentPostprocessing = 0;
		};
/* End PBXFrameworksBuildPhase section */

/* Begin PBXGroup section */
		874BBDFD2B9266FE00934313 /* Root */ = {
			isa = PBXGroup;
			children = (
				87B0AAEF2B920E8C001A6794 /* TabBarController.swift */,
				87B0AAF42B922BC0001A6794 /* NavigationBarController.swift */,
				87B0AADC2B920BBA001A6794 /* BaseController.swift */,
			);
			path = Root;
			sourceTree = "<group>";
		};
		874BBDFF2B926F6B00934313 /* Model */ = {
			isa = PBXGroup;
			children = (
				875945FE2B9DBFD000D6C621 /* Me */,
				875945FD2B9DBFA400D6C621 /* Session */,
			);
			path = Model;
			sourceTree = "<group>";
		};
		875945FD2B9DBFA400D6C621 /* Session */ = {
			isa = PBXGroup;
			children = (
				8758B6192B95009A001A2B75 /* SessionInfo.swift */,
				8795DFEA2B93C7E100B0F593 /* SessionTimer.swift */,
			);
			path = Session;
			sourceTree = "<group>";
		};
		875945FE2B9DBFD000D6C621 /* Me */ = {
			isa = PBXGroup;
			children = (
				875945FF2B9DBFE600D6C621 /* Perk.swift */,
			);
			path = Me;
			sourceTree = "<group>";
		};
		87B0AACC2B920BBA001A6794 = {
			isa = PBXGroup;
			children = (
				87B0AAD72B920BBA001A6794 /* UpApp */,
				87B0AAD62B920BBA001A6794 /* Products */,
			);
			sourceTree = "<group>";
		};
		87B0AAD62B920BBA001A6794 /* Products */ = {
			isa = PBXGroup;
			children = (
				87B0AAD52B920BBA001A6794 /* UpApp.app */,
			);
			name = Products;
			sourceTree = "<group>";
		};
		87B0AAD72B920BBA001A6794 /* UpApp */ = {
			isa = PBXGroup;
			children = (
				87B0AAED2B920C88001A6794 /* Application */,
				874BBDFF2B926F6B00934313 /* Model */,
				87B0AAF62B923006001A6794 /* View - Conrtoller */,
				87B0AAEE2B920CB2001A6794 /* Support */,
			);
			path = UpApp;
			sourceTree = "<group>";
		};
		87B0AAED2B920C88001A6794 /* Application */ = {
			isa = PBXGroup;
			children = (
				87B0AAD82B920BBA001A6794 /* AppDelegate.swift */,
				87B0AADA2B920BBA001A6794 /* SceneDelegate.swift */,
				87B0AAE62B920BBB001A6794 /* Info.plist */,
			);
			path = Application;
			sourceTree = "<group>";
		};
		87B0AAEE2B920CB2001A6794 /* Support */ = {
			isa = PBXGroup;
			children = (
				87B0AAF22B921076001A6794 /* Resources.swift */,
				87B0AAE12B920BBB001A6794 /* Assets.xcassets */,
				87B0AAE32B920BBB001A6794 /* LaunchScreen.storyboard */,
				875946012B9E12F500D6C621 /* Extensions.swift */,
			);
			path = Support;
			sourceTree = "<group>";
		};
		87B0AAF62B923006001A6794 /* View - Conrtoller */ = {
			isa = PBXGroup;
			children = (
				874BBDFD2B9266FE00934313 /* Root */,
				87E472AC2B93904D0064A020 /* Me */,
				87E472AD2B9390610064A020 /* Session */,
				87E472B22B9391190064A020 /* Agenda */,
				87E472AE2B9390620064A020 /* Progress */,
			);
			path = "View - Conrtoller";
			sourceTree = "<group>";
		};
		87E472AC2B93904D0064A020 /* Me */ = {
			isa = PBXGroup;
			children = (
				874BBDF32B925FC600934313 /* MeController.swift */,
				8758B61B2B951265001A2B75 /* MeController.xib */,
				875855972B9CDFE000E46007 /* PerkCell.swift */,
			);
			path = Me;
			sourceTree = "<group>";
		};
		87E472AD2B9390610064A020 /* Session */ = {
			isa = PBXGroup;
			children = (
				874BBDF72B92662500934313 /* SessionController.swift */,
				879D0C552B939318008D8A5D /* SessionController.xib */,
			);
			path = Session;
			sourceTree = "<group>";
		};
		87E472AE2B9390620064A020 /* Progress */ = {
			isa = PBXGroup;
			children = (
				874BBDF92B92666500934313 /* ProgressController.swift */,
			);
			name = Progress;
			path = "New Group/Progress";
			sourceTree = "<group>";
		};
		87E472B22B9391190064A020 /* Agenda */ = {
			isa = PBXGroup;
			children = (
				879D0C532B9392B9008D8A5D /* AgendaController.swift */,
			);
			path = Agenda;
			sourceTree = "<group>";
		};
/* End PBXGroup section */

/* Begin PBXNativeTarget section */
		87B0AAD42B920BBA001A6794 /* UpApp */ = {
			isa = PBXNativeTarget;
			buildConfigurationList = 87B0AAE92B920BBB001A6794 /* Build configuration list for PBXNativeTarget "UpApp" */;
			buildPhases = (
				87B0AAD12B920BBA001A6794 /* Sources */,
				87B0AAD22B920BBA001A6794 /* Frameworks */,
				87B0AAD32B920BBA001A6794 /* Resources */,
			);
			buildRules = (
			);
			dependencies = (
			);
			name = UpApp;
			productName = Fispy;
			productReference = 87B0AAD52B920BBA001A6794 /* UpApp.app */;
			productType = "com.apple.product-type.application";
		};
/* End PBXNativeTarget section */

/* Begin PBXProject section */
		87B0AACD2B920BBA001A6794 /* Project object */ = {
			isa = PBXProject;
			attributes = {
				BuildIndependentTargetsInParallel = 1;
				LastSwiftUpdateCheck = 1520;
				LastUpgradeCheck = 1520;
				TargetAttributes = {
					87B0AAD42B920BBA001A6794 = {
						CreatedOnToolsVersion = 15.2;
					};
				};
			};
			buildConfigurationList = 87B0AAD02B920BBA001A6794 /* Build configuration list for PBXProject "UpApp" */;
			compatibilityVersion = "Xcode 14.0";
			developmentRegion = en;
			hasScannedForEncodings = 0;
			knownRegions = (
				en,
				Base,
			);
			mainGroup = 87B0AACC2B920BBA001A6794;
			productRefGroup = 87B0AAD62B920BBA001A6794 /* Products */;
			projectDirPath = "";
			projectRoot = "";
			targets = (
				87B0AAD42B920BBA001A6794 /* UpApp */,
			);
		};
/* End PBXProject section */

/* Begin PBXResourcesBuildPhase section */
		87B0AAD32B920BBA001A6794 /* Resources */ = {
			isa = PBXResourcesBuildPhase;
			buildActionMask = 2147483647;
			files = (
				879D0C562B939318008D8A5D /* SessionController.xib in Resources */,
				87B0AAE52B920BBB001A6794 /* LaunchScreen.storyboard in Resources */,
				87B0AAE22B920BBB001A6794 /* Assets.xcassets in Resources */,
				8758B61C2B951265001A2B75 /* MeController.xib in Resources */,
			);
			runOnlyForDeploymentPostprocessing = 0;
		};
/* End PBXResourcesBuildPhase section */

/* Begin PBXSourcesBuildPhase section */
		87B0AAD12B920BBA001A6794 /* Sources */ = {
			isa = PBXSourcesBuildPhase;
			buildActionMask = 2147483647;
			files = (
				874BBDFA2B92666500934313 /* ProgressController.swift in Sources */,
				87B0AADD2B920BBA001A6794 /* BaseController.swift in Sources */,
				874BBDF82B92662500934313 /* SessionController.swift in Sources */,
				874BBDF42B925FC600934313 /* MeController.swift in Sources */,
				87B0AAF52B922BC0001A6794 /* NavigationBarController.swift in Sources */,
				875946002B9DBFE600D6C621 /* Perk.swift in Sources */,
				87B0AAF32B921076001A6794 /* Resources.swift in Sources */,
				87B0AAF02B920E8C001A6794 /* TabBarController.swift in Sources */,
				87B0AAD92B920BBA001A6794 /* AppDelegate.swift in Sources */,
				87B0AADB2B920BBA001A6794 /* SceneDelegate.swift in Sources */,
				875946022B9E12F500D6C621 /* Extensions.swift in Sources */,
				875855982B9CDFE000E46007 /* PerkCell.swift in Sources */,
				8758B61A2B95009A001A2B75 /* SessionInfo.swift in Sources */,
				8795DFEB2B93C7E100B0F593 /* SessionTimer.swift in Sources */,
				879D0C542B9392B9008D8A5D /* AgendaController.swift in Sources */,
			);
			runOnlyForDeploymentPostprocessing = 0;
		};
/* End PBXSourcesBuildPhase section */

/* Begin PBXVariantGroup section */
		87B0AAE32B920BBB001A6794 /* LaunchScreen.storyboard */ = {
			isa = PBXVariantGroup;
			children = (
				87B0AAE42B920BBB001A6794 /* Base */,
			);
			name = LaunchScreen.storyboard;
			sourceTree = "<group>";
		};
/* End PBXVariantGroup section */

/* Begin XCBuildConfiguration section */
		87B0AAE72B920BBB001A6794 /* Debug */ = {
			isa = XCBuildConfiguration;
			buildSettings = {
				ALWAYS_SEARCH_USER_PATHS = NO;
				ASSETCATALOG_COMPILER_GENERATE_SWIFT_ASSET_SYMBOL_EXTENSIONS = YES;
				CLANG_ANALYZER_NONNULL = YES;
				CLANG_ANALYZER_NUMBER_OBJECT_CONVERSION = YES_AGGRESSIVE;
				CLANG_CXX_LANGUAGE_STANDARD = "gnu++20";
				CLANG_ENABLE_MODULES = YES;
				CLANG_ENABLE_OBJC_ARC = YES;
				CLANG_ENABLE_OBJC_WEAK = YES;
				CLANG_WARN_BLOCK_CAPTURE_AUTORELEASING = YES;
				CLANG_WARN_BOOL_CONVERSION = YES;
				CLANG_WARN_COMMA = YES;
				CLANG_WARN_CONSTANT_CONVERSION = YES;
				CLANG_WARN_DEPRECATED_OBJC_IMPLEMENTATIONS = YES;
				CLANG_WARN_DIRECT_OBJC_ISA_USAGE = YES_ERROR;
				CLANG_WARN_DOCUMENTATION_COMMENTS = YES;
				CLANG_WARN_EMPTY_BODY = YES;
				CLANG_WARN_ENUM_CONVERSION = YES;
				CLANG_WARN_INFINITE_RECURSION = YES;
				CLANG_WARN_INT_CONVERSION = YES;
				CLANG_WARN_NON_LITERAL_NULL_CONVERSION = YES;
				CLANG_WARN_OBJC_IMPLICIT_RETAIN_SELF = YES;
				CLANG_WARN_OBJC_LITERAL_CONVERSION = YES;
				CLANG_WARN_OBJC_ROOT_CLASS = YES_ERROR;
				CLANG_WARN_QUOTED_INCLUDE_IN_FRAMEWORK_HEADER = YES;
				CLANG_WARN_RANGE_LOOP_ANALYSIS = YES;
				CLANG_WARN_STRICT_PROTOTYPES = YES;
				CLANG_WARN_SUSPICIOUS_MOVE = YES;
				CLANG_WARN_UNGUARDED_AVAILABILITY = YES_AGGRESSIVE;
				CLANG_WARN_UNREACHABLE_CODE = YES;
				CLANG_WARN__DUPLICATE_METHOD_MATCH = YES;
				COPY_PHASE_STRIP = NO;
				DEBUG_INFORMATION_FORMAT = dwarf;
				ENABLE_STRICT_OBJC_MSGSEND = YES;
				ENABLE_TESTABILITY = YES;
				ENABLE_USER_SCRIPT_SANDBOXING = YES;
				GCC_C_LANGUAGE_STANDARD = gnu17;
				GCC_DYNAMIC_NO_PIC = NO;
				GCC_NO_COMMON_BLOCKS = YES;
				GCC_OPTIMIZATION_LEVEL = 0;
				GCC_PREPROCESSOR_DEFINITIONS = (
					"DEBUG=1",
					"$(inherited)",
				);
				GCC_WARN_64_TO_32_BIT_CONVERSION = YES;
				GCC_WARN_ABOUT_RETURN_TYPE = YES_ERROR;
				GCC_WARN_UNDECLARED_SELECTOR = YES;
				GCC_WARN_UNINITIALIZED_AUTOS = YES_AGGRESSIVE;
				GCC_WARN_UNUSED_FUNCTION = YES;
				GCC_WARN_UNUSED_VARIABLE = YES;
				IPHONEOS_DEPLOYMENT_TARGET = 17.2;
				LOCALIZATION_PREFERS_STRING_CATALOGS = YES;
				MTL_ENABLE_DEBUG_INFO = INCLUDE_SOURCE;
				MTL_FAST_MATH = YES;
				ONLY_ACTIVE_ARCH = YES;
				SDKROOT = iphoneos;
				SWIFT_ACTIVE_COMPILATION_CONDITIONS = "DEBUG $(inherited)";
				SWIFT_OPTIMIZATION_LEVEL = "-Onone";
			};
			name = Debug;
		};
		87B0AAE82B920BBB001A6794 /* Release */ = {
			isa = XCBuildConfiguration;
			buildSettings = {
				ALWAYS_SEARCH_USER_PATHS = NO;
				ASSETCATALOG_COMPILER_GENERATE_SWIFT_ASSET_SYMBOL_EXTENSIONS = YES;
				CLANG_ANALYZER_NONNULL = YES;
				CLANG_ANALYZER_NUMBER_OBJECT_CONVERSION = YES_AGGRESSIVE;
				CLANG_CXX_LANGUAGE_STANDARD = "gnu++20";
				CLANG_ENABLE_MODULES = YES;
				CLANG_ENABLE_OBJC_ARC = YES;
				CLANG_ENABLE_OBJC_WEAK = YES;
				CLANG_WARN_BLOCK_CAPTURE_AUTORELEASING = YES;
				CLANG_WARN_BOOL_CONVERSION = YES;
				CLANG_WARN_COMMA = YES;
				CLANG_WARN_CONSTANT_CONVERSION = YES;
				CLANG_WARN_DEPRECATED_OBJC_IMPLEMENTATIONS = YES;
				CLANG_WARN_DIRECT_OBJC_ISA_USAGE = YES_ERROR;
				CLANG_WARN_DOCUMENTATION_COMMENTS = YES;
				CLANG_WARN_EMPTY_BODY = YES;
				CLANG_WARN_ENUM_CONVERSION = YES;
				CLANG_WARN_INFINITE_RECURSION = YES;
				CLANG_WARN_INT_CONVERSION = YES;
				CLANG_WARN_NON_LITERAL_NULL_CONVERSION = YES;
				CLANG_WARN_OBJC_IMPLICIT_RETAIN_SELF = YES;
				CLANG_WARN_OBJC_LITERAL_CONVERSION = YES;
				CLANG_WARN_OBJC_ROOT_CLASS = YES_ERROR;
				CLANG_WARN_QUOTED_INCLUDE_IN_FRAMEWORK_HEADER = YES;
				CLANG_WARN_RANGE_LOOP_ANALYSIS = YES;
				CLANG_WARN_STRICT_PROTOTYPES = YES;
				CLANG_WARN_SUSPICIOUS_MOVE = YES;
				CLANG_WARN_UNGUARDED_AVAILABILITY = YES_AGGRESSIVE;
				CLANG_WARN_UNREACHABLE_CODE = YES;
				CLANG_WARN__DUPLICATE_METHOD_MATCH = YES;
				COPY_PHASE_STRIP = NO;
				DEBUG_INFORMATION_FORMAT = "dwarf-with-dsym";
				ENABLE_NS_ASSERTIONS = NO;
				ENABLE_STRICT_OBJC_MSGSEND = YES;
				ENABLE_USER_SCRIPT_SANDBOXING = YES;
				GCC_C_LANGUAGE_STANDARD = gnu17;
				GCC_NO_COMMON_BLOCKS = YES;
				GCC_WARN_64_TO_32_BIT_CONVERSION = YES;
				GCC_WARN_ABOUT_RETURN_TYPE = YES_ERROR;
				GCC_WARN_UNDECLARED_SELECTOR = YES;
				GCC_WARN_UNINITIALIZED_AUTOS = YES_AGGRESSIVE;
				GCC_WARN_UNUSED_FUNCTION = YES;
				GCC_WARN_UNUSED_VARIABLE = YES;
				IPHONEOS_DEPLOYMENT_TARGET = 17.2;
				LOCALIZATION_PREFERS_STRING_CATALOGS = YES;
				MTL_ENABLE_DEBUG_INFO = NO;
				MTL_FAST_MATH = YES;
				SDKROOT = iphoneos;
				SWIFT_COMPILATION_MODE = wholemodule;
				VALIDATE_PRODUCT = YES;
			};
			name = Release;
		};
		87B0AAEA2B920BBB001A6794 /* Debug */ = {
			isa = XCBuildConfiguration;
			buildSettings = {
				ASSETCATALOG_COMPILER_APPICON_NAME = AppIcon;
				ASSETCATALOG_COMPILER_GLOBAL_ACCENT_COLOR_NAME = AccentColor;
				CODE_SIGN_STYLE = Automatic;
				CURRENT_PROJECT_VERSION = 1;
				DEVELOPMENT_TEAM = FP582B2GU2;
				GENERATE_INFOPLIST_FILE = YES;
				INFOPLIST_FILE = UpApp/Application/Info.plist;
				INFOPLIST_KEY_CFBundleDisplayName = UpApp;
				INFOPLIST_KEY_UIApplicationSupportsIndirectInputEvents = YES;
				INFOPLIST_KEY_UILaunchStoryboardName = LaunchScreen;
				INFOPLIST_KEY_UIMainStoryboardFile = "";
				INFOPLIST_KEY_UISupportedInterfaceOrientations = UIInterfaceOrientationPortrait;
				INFOPLIST_KEY_UISupportedInterfaceOrientations_iPad = "UIInterfaceOrientationLandscapeLeft UIInterfaceOrientationLandscapeRight UIInterfaceOrientationPortrait UIInterfaceOrientationPortraitUpsideDown";
				INFOPLIST_KEY_UIUserInterfaceStyle = Light;
				IPHONEOS_DEPLOYMENT_TARGET = 15.0;
				LD_RUNPATH_SEARCH_PATHS = (
					"$(inherited)",
					"@executable_path/Frameworks",
				);
				MARKETING_VERSION = 1.0;
				PRODUCT_BUNDLE_IDENTIFIER = com.wannabepurple.UpApp;
				PRODUCT_NAME = "$(TARGET_NAME)";
				SWIFT_EMIT_LOC_STRINGS = YES;
				SWIFT_VERSION = 5.0;
				TARGETED_DEVICE_FAMILY = "1,2";
			};
			name = Debug;
		};
		87B0AAEB2B920BBB001A6794 /* Release */ = {
			isa = XCBuildConfiguration;
			buildSettings = {
				ASSETCATALOG_COMPILER_APPICON_NAME = AppIcon;
				ASSETCATALOG_COMPILER_GLOBAL_ACCENT_COLOR_NAME = AccentColor;
				CODE_SIGN_STYLE = Automatic;
				CURRENT_PROJECT_VERSION = 1;
				DEVELOPMENT_TEAM = FP582B2GU2;
				GENERATE_INFOPLIST_FILE = YES;
				INFOPLIST_FILE = UpApp/Application/Info.plist;
				INFOPLIST_KEY_CFBundleDisplayName = UpApp;
				INFOPLIST_KEY_UIApplicationSupportsIndirectInputEvents = YES;
				INFOPLIST_KEY_UILaunchStoryboardName = LaunchScreen;
				INFOPLIST_KEY_UIMainStoryboardFile = "";
				INFOPLIST_KEY_UISupportedInterfaceOrientations = UIInterfaceOrientationPortrait;
				INFOPLIST_KEY_UISupportedInterfaceOrientations_iPad = "UIInterfaceOrientationLandscapeLeft UIInterfaceOrientationLandscapeRight UIInterfaceOrientationPortrait UIInterfaceOrientationPortraitUpsideDown";
				INFOPLIST_KEY_UIUserInterfaceStyle = Light;
				IPHONEOS_DEPLOYMENT_TARGET = 15.0;
				LD_RUNPATH_SEARCH_PATHS = (
					"$(inherited)",
					"@executable_path/Frameworks",
				);
				MARKETING_VERSION = 1.0;
				PRODUCT_BUNDLE_IDENTIFIER = com.wannabepurple.UpApp;
				PRODUCT_NAME = "$(TARGET_NAME)";
				SWIFT_EMIT_LOC_STRINGS = YES;
				SWIFT_VERSION = 5.0;
				TARGETED_DEVICE_FAMILY = "1,2";
			};
			name = Release;
		};
/* End XCBuildConfiguration section */

/* Begin XCConfigurationList section */
		87B0AAD02B920BBA001A6794 /* Build configuration list for PBXProject "UpApp" */ = {
			isa = XCConfigurationList;
			buildConfigurations = (
				87B0AAE72B920BBB001A6794 /* Debug */,
				87B0AAE82B920BBB001A6794 /* Release */,
			);
			defaultConfigurationIsVisible = 0;
			defaultConfigurationName = Release;
		};
		87B0AAE92B920BBB001A6794 /* Build configuration list for PBXNativeTarget "UpApp" */ = {
			isa = XCConfigurationList;
			buildConfigurations = (
				87B0AAEA2B920BBB001A6794 /* Debug */,
				87B0AAEB2B920BBB001A6794 /* Release */,
			);
			defaultConfigurationIsVisible = 0;
			defaultConfigurationName = Release;
		};
/* End XCConfigurationList section */
	};
	rootObject = 87B0AACD2B920BBA001A6794 /* Project object */;
}
